// !$*UTF8*$!
{
	archiveVersion = 1;
	classes = {
	};
	objectVersion = 56;
	objects = {

/* Begin PBXBuildFile section */
		8425686F2DA7E2C400866C99 /* AppDelegate.swift in Sources */ = {isa = PBXBuildFile; fileRef = 8425686E2DA7E2C400866C99 /* AppDelegate.swift */; };
		842568732DA7E2C400866C99 /* Main.html in Resources */ = {isa = PBXBuildFile; fileRef = 842568712DA7E2C400866C99 /* Main.html */; };
		842568752DA7E2C400866C99 /* Icon.png in Resources */ = {isa = PBXBuildFile; fileRef = 842568742DA7E2C400866C99 /* Icon.png */; };
		842568772DA7E2C400866C99 /* Style.css in Resources */ = {isa = PBXBuildFile; fileRef = 842568762DA7E2C400866C99 /* Style.css */; };
		842568792DA7E2C400866C99 /* Script.js in Resources */ = {isa = PBXBuildFile; fileRef = 842568782DA7E2C400866C99 /* Script.js */; };
		8425687B2DA7E2C400866C99 /* ViewController.swift in Sources */ = {isa = PBXBuildFile; fileRef = 8425687A2DA7E2C400866C99 /* ViewController.swift */; };
		8425687E2DA7E2C400866C99 /* Main.storyboard in Resources */ = {isa = PBXBuildFile; fileRef = 8425687C2DA7E2C400866C99 /* Main.storyboard */; };
		842568802DA7E2C600866C99 /* Assets.xcassets in Resources */ = {isa = PBXBuildFile; fileRef = 8425687F2DA7E2C600866C99 /* Assets.xcassets */; };
		842568882DA7E2C600866C99 /* Fetch URL Extension Extension.appex in Embed Foundation Extensions */ = {isa = PBXBuildFile; fileRef = 842568872DA7E2C600866C99 /* Fetch URL Extension Extension.appex */; settings = {ATTRIBUTES = (RemoveHeadersOnCopy, ); }; };
		8425688D2DA7E2C600866C99 /* SafariExtensionHandler.swift in Sources */ = {isa = PBXBuildFile; fileRef = 8425688C2DA7E2C600866C99 /* SafariExtensionHandler.swift */; };
		8425688F2DA7E2C600866C99 /* SafariExtensionViewController.swift in Sources */ = {isa = PBXBuildFile; fileRef = 8425688E2DA7E2C600866C99 /* SafariExtensionViewController.swift */; };
		842568922DA7E2C600866C99 /* script.js in Resources */ = {isa = PBXBuildFile; fileRef = 842568912DA7E2C600866C99 /* script.js */; };
		842568942DA7E2C600866C99 /* ToolbarItemIcon.pdf in Resources */ = {isa = PBXBuildFile; fileRef = 842568932DA7E2C600866C99 /* ToolbarItemIcon.pdf */; };
		842568972DA7E2C600866C99 /* SafariExtensionViewController.xib in Resources */ = {isa = PBXBuildFile; fileRef = 842568952DA7E2C600866C99 /* SafariExtensionViewController.xib */; };
/* End PBXBuildFile section */

/* Begin PBXContainerItemProxy section */
		842568892DA7E2C600866C99 /* PBXContainerItemProxy */ = {
			isa = PBXContainerItemProxy;
			containerPortal = 842568632DA7E2C400866C99 /* Project object */;
			proxyType = 1;
			remoteGlobalIDString = 842568862DA7E2C600866C99;
			remoteInfo = "Fetch URL Extension Extension";
		};
/* End PBXContainerItemProxy section */

/* Begin PBXCopyFilesBuildPhase section */
		8425689F2DA7E2C600866C99 /* Embed Foundation Extensions */ = {
			isa = PBXCopyFilesBuildPhase;
			buildActionMask = 2147483647;
			dstPath = "";
			dstSubfolderSpec = 13;
			files = (
				842568882DA7E2C600866C99 /* Fetch URL Extension Extension.appex in Embed Foundation Extensions */,
			);
			name = "Embed Foundation Extensions";
			runOnlyForDeploymentPostprocessing = 0;
		};
/* End PBXCopyFilesBuildPhase section */

/* Begin PBXFileReference section */
		8425686B2DA7E2C400866C99 /* Fetch URL Extension.app */ = {isa = PBXFileReference; explicitFileType = wrapper.application; includeInIndex = 0; path = "Fetch URL Extension.app"; sourceTree = BUILT_PRODUCTS_DIR; };
		8425686E2DA7E2C400866C99 /* AppDelegate.swift */ = {isa = PBXFileReference; lastKnownFileType = sourcecode.swift; path = AppDelegate.swift; sourceTree = "<group>"; };
		842568722DA7E2C400866C99 /* Base */ = {isa = PBXFileReference; lastKnownFileType = text.html; name = Base; path = ../Base.lproj/Main.html; sourceTree = "<group>"; };
		842568742DA7E2C400866C99 /* Icon.png */ = {isa = PBXFileReference; lastKnownFileType = image.png; path = Icon.png; sourceTree = "<group>"; };
		842568762DA7E2C400866C99 /* Style.css */ = {isa = PBXFileReference; lastKnownFileType = text.css; path = Style.css; sourceTree = "<group>"; };
		842568782DA7E2C400866C99 /* Script.js */ = {isa = PBXFileReference; lastKnownFileType = sourcecode.javascript; path = Script.js; sourceTree = "<group>"; };
		8425687A2DA7E2C400866C99 /* ViewController.swift */ = {isa = PBXFileReference; lastKnownFileType = sourcecode.swift; path = ViewController.swift; sourceTree = "<group>"; };
		8425687D2DA7E2C400866C99 /* Base */ = {isa = PBXFileReference; lastKnownFileType = file.storyboard; name = Base; path = Base.lproj/Main.storyboard; sourceTree = "<group>"; };
		8425687F2DA7E2C600866C99 /* Assets.xcassets */ = {isa = PBXFileReference; lastKnownFileType = folder.assetcatalog; path = Assets.xcassets; sourceTree = "<group>"; };
		842568812DA7E2C600866C99 /* Fetch_URL_Extension.entitlements */ = {isa = PBXFileReference; lastKnownFileType = text.plist.entitlements; path = Fetch_URL_Extension.entitlements; sourceTree = "<group>"; };
		842568822DA7E2C600866C99 /* Fetch URL Extension.entitlements */ = {isa = PBXFileReference; lastKnownFileType = text.plist.entitlements; path = "Fetch URL Extension.entitlements"; sourceTree = "<group>"; };
		842568872DA7E2C600866C99 /* Fetch URL Extension Extension.appex */ = {isa = PBXFileReference; explicitFileType = "wrapper.app-extension"; includeInIndex = 0; path = "Fetch URL Extension Extension.appex"; sourceTree = BUILT_PRODUCTS_DIR; };
		8425688C2DA7E2C600866C99 /* SafariExtensionHandler.swift */ = {isa = PBXFileReference; lastKnownFileType = sourcecode.swift; path = SafariExtensionHandler.swift; sourceTree = "<group>"; };
		8425688E2DA7E2C600866C99 /* SafariExtensionViewController.swift */ = {isa = PBXFileReference; lastKnownFileType = sourcecode.swift; path = SafariExtensionViewController.swift; sourceTree = "<group>"; };
		842568912DA7E2C600866C99 /* script.js */ = {isa = PBXFileReference; lastKnownFileType = sourcecode.javascript; path = script.js; sourceTree = "<group>"; };
		842568932DA7E2C600866C99 /* ToolbarItemIcon.pdf */ = {isa = PBXFileReference; lastKnownFileType = image.pdf; path = ToolbarItemIcon.pdf; sourceTree = "<group>"; };
		842568962DA7E2C600866C99 /* Base */ = {isa = PBXFileReference; lastKnownFileType = file.xib; name = Base; path = Base.lproj/SafariExtensionViewController.xib; sourceTree = "<group>"; };
		842568982DA7E2C600866C99 /* Info.plist */ = {isa = PBXFileReference; lastKnownFileType = text.plist.xml; path = Info.plist; sourceTree = "<group>"; };
		842568992DA7E2C600866C99 /* Fetch_URL_Extension_Extension.entitlements */ = {isa = PBXFileReference; lastKnownFileType = text.plist.entitlements; path = Fetch_URL_Extension_Extension.entitlements; sourceTree = "<group>"; };
/* End PBXFileReference section */

/* Begin PBXFrameworksBuildPhase section */
		842568682DA7E2C400866C99 /* Frameworks */ = {
			isa = PBXFrameworksBuildPhase;
			buildActionMask = 2147483647;
			files = (
			);
			runOnlyForDeploymentPostprocessing = 0;
		};
		842568842DA7E2C600866C99 /* Frameworks */ = {
			isa = PBXFrameworksBuildPhase;
			buildActionMask = 2147483647;
			files = (
			);
			runOnlyForDeploymentPostprocessing = 0;
		};
/* End PBXFrameworksBuildPhase section */

/* Begin PBXGroup section */
		842568622DA7E2C400866C99 = {
			isa = PBXGroup;
			children = (
				8425686D2DA7E2C400866C99 /* Fetch URL Extension */,
				8425688B2DA7E2C600866C99 /* Fetch URL Extension Extension */,
				8425686C2DA7E2C400866C99 /* Products */,
			);
			sourceTree = "<group>";
		};
		8425686C2DA7E2C400866C99 /* Products */ = {
			isa = PBXGroup;
			children = (
				8425686B2DA7E2C400866C99 /* Fetch URL Extension.app */,
				842568872DA7E2C600866C99 /* Fetch URL Extension Extension.appex */,
			);
			name = Products;
			sourceTree = "<group>";
		};
		8425686D2DA7E2C400866C99 /* Fetch URL Extension */ = {
			isa = PBXGroup;
			children = (
				8425686E2DA7E2C400866C99 /* AppDelegate.swift */,
				8425687A2DA7E2C400866C99 /* ViewController.swift */,
				8425687C2DA7E2C400866C99 /* Main.storyboard */,
				8425687F2DA7E2C600866C99 /* Assets.xcassets */,
				842568812DA7E2C600866C99 /* Fetch_URL_Extension.entitlements */,
				842568822DA7E2C600866C99 /* Fetch URL Extension.entitlements */,
				842568702DA7E2C400866C99 /* Resources */,
			);
			path = "Fetch URL Extension";
			sourceTree = "<group>";
		};
		842568702DA7E2C400866C99 /* Resources */ = {
			isa = PBXGroup;
			children = (
				842568712DA7E2C400866C99 /* Main.html */,
				842568742DA7E2C400866C99 /* Icon.png */,
				842568762DA7E2C400866C99 /* Style.css */,
				842568782DA7E2C400866C99 /* Script.js */,
			);
			path = Resources;
			sourceTree = "<group>";
		};
		8425688B2DA7E2C600866C99 /* Fetch URL Extension Extension */ = {
			isa = PBXGroup;
			children = (
				8425688C2DA7E2C600866C99 /* SafariExtensionHandler.swift */,
				8425688E2DA7E2C600866C99 /* SafariExtensionViewController.swift */,
				842568952DA7E2C600866C99 /* SafariExtensionViewController.xib */,
				842568982DA7E2C600866C99 /* Info.plist */,
				842568992DA7E2C600866C99 /* Fetch_URL_Extension_Extension.entitlements */,
				842568902DA7E2C600866C99 /* Resources */,
			);
			path = "Fetch URL Extension Extension";
			sourceTree = "<group>";
		};
		842568902DA7E2C600866C99 /* Resources */ = {
			isa = PBXGroup;
			children = (
				842568912DA7E2C600866C99 /* script.js */,
				842568932DA7E2C600866C99 /* ToolbarItemIcon.pdf */,
			);
			path = Resources;
			sourceTree = "<group>";
		};
/* End PBXGroup section */

/* Begin PBXNativeTarget section */
		8425686A2DA7E2C400866C99 /* Fetch URL Extension */ = {
			isa = PBXNativeTarget;
			buildConfigurationList = 842568A02DA7E2C600866C99 /* Build configuration list for PBXNativeTarget "Fetch URL Extension" */;
			buildPhases = (
				842568672DA7E2C400866C99 /* Sources */,
				842568682DA7E2C400866C99 /* Frameworks */,
				842568692DA7E2C400866C99 /* Resources */,
				8425689F2DA7E2C600866C99 /* Embed Foundation Extensions */,
			);
			buildRules = (
			);
			dependencies = (
				8425688A2DA7E2C600866C99 /* PBXTargetDependency */,
			);
			name = "Fetch URL Extension";
			productName = "Fetch URL Extension";
			productReference = 8425686B2DA7E2C400866C99 /* Fetch URL Extension.app */;
			productType = "com.apple.product-type.application";
		};
		842568862DA7E2C600866C99 /* Fetch URL Extension Extension */ = {
			isa = PBXNativeTarget;
			buildConfigurationList = 8425689C2DA7E2C600866C99 /* Build configuration list for PBXNativeTarget "Fetch URL Extension Extension" */;
			buildPhases = (
				842568832DA7E2C600866C99 /* Sources */,
				842568842DA7E2C600866C99 /* Frameworks */,
				842568852DA7E2C600866C99 /* Resources */,
			);
			buildRules = (
			);
			dependencies = (
			);
			name = "Fetch URL Extension Extension";
			productName = "Fetch URL Extension Extension";
			productReference = 842568872DA7E2C600866C99 /* Fetch URL Extension Extension.appex */;
			productType = "com.apple.product-type.app-extension";
		};
/* End PBXNativeTarget section */

/* Begin PBXProject section */
		842568632DA7E2C400866C99 /* Project object */ = {
			isa = PBXProject;
			attributes = {
				BuildIndependentTargetsInParallel = 1;
				LastSwiftUpdateCheck = 1420;
				LastUpgradeCheck = 1420;
				TargetAttributes = {
					8425686A2DA7E2C400866C99 = {
						CreatedOnToolsVersion = 14.2;
					};
					842568862DA7E2C600866C99 = {
						CreatedOnToolsVersion = 14.2;
					};
				};
			};
			buildConfigurationList = 842568662DA7E2C400866C99 /* Build configuration list for PBXProject "Fetch URL Extension" */;
			compatibilityVersion = "Xcode 14.0";
			developmentRegion = en;
			hasScannedForEncodings = 0;
			knownRegions = (
				en,
				Base,
			);
			mainGroup = 842568622DA7E2C400866C99;
			productRefGroup = 8425686C2DA7E2C400866C99 /* Products */;
			projectDirPath = "";
			projectRoot = "";
			targets = (
				8425686A2DA7E2C400866C99 /* Fetch URL Extension */,
				842568862DA7E2C600866C99 /* Fetch URL Extension Extension */,
			);
		};
/* End PBXProject section */

/* Begin PBXResourcesBuildPhase section */
		842568692DA7E2C400866C99 /* Resources */ = {
			isa = PBXResourcesBuildPhase;
			buildActionMask = 2147483647;
			files = (
				842568752DA7E2C400866C99 /* Icon.png in Resources */,
				8425687E2DA7E2C400866C99 /* Main.storyboard in Resources */,
				842568792DA7E2C400866C99 /* Script.js in Resources */,
				842568732DA7E2C400866C99 /* Main.html in Resources */,
				842568802DA7E2C600866C99 /* Assets.xcassets in Resources */,
				842568772DA7E2C400866C99 /* Style.css in Resources */,
			);
			runOnlyForDeploymentPostprocessing = 0;
		};
		842568852DA7E2C600866C99 /* Resources */ = {
			isa = PBXResourcesBuildPhase;
			buildActionMask = 2147483647;
			files = (
				842568972DA7E2C600866C99 /* SafariExtensionViewController.xib in Resources */,
				842568942DA7E2C600866C99 /* ToolbarItemIcon.pdf in Resources */,
				842568922DA7E2C600866C99 /* script.js in Resources */,
			);
			runOnlyForDeploymentPostprocessing = 0;
		};
/* End PBXResourcesBuildPhase section */

/* Begin PBXSourcesBuildPhase section */
		842568672DA7E2C400866C99 /* Sources */ = {
			isa = PBXSourcesBuildPhase;
			buildActionMask = 2147483647;
			files = (
				8425687B2DA7E2C400866C99 /* ViewController.swift in Sources */,
				8425686F2DA7E2C400866C99 /* AppDelegate.swift in Sources */,
			);
			runOnlyForDeploymentPostprocessing = 0;
		};
		842568832DA7E2C600866C99 /* Sources */ = {
			isa = PBXSourcesBuildPhase;
			buildActionMask = 2147483647;
			files = (
				8425688F2DA7E2C600866C99 /* SafariExtensionViewController.swift in Sources */,
				8425688D2DA7E2C600866C99 /* SafariExtensionHandler.swift in Sources */,
			);
			runOnlyForDeploymentPostprocessing = 0;
		};
/* End PBXSourcesBuildPhase section */

/* Begin PBXTargetDependency section */
		8425688A2DA7E2C600866C99 /* PBXTargetDependency */ = {
			isa = PBXTargetDependency;
			target = 842568862DA7E2C600866C99 /* Fetch URL Extension Extension */;
			targetProxy = 842568892DA7E2C600866C99 /* PBXContainerItemProxy */;
		};
/* End PBXTargetDependency section */

/* Begin PBXVariantGroup section */
		842568712DA7E2C400866C99 /* Main.html */ = {
			isa = PBXVariantGroup;
			children = (
				842568722DA7E2C400866C99 /* Base */,
			);
			name = Main.html;
			sourceTree = "<group>";
		};
		8425687C2DA7E2C400866C99 /* Main.storyboard */ = {
			isa = PBXVariantGroup;
			children = (
				8425687D2DA7E2C400866C99 /* Base */,
			);
			name = Main.storyboard;
			sourceTree = "<group>";
		};
		842568952DA7E2C600866C99 /* SafariExtensionViewController.xib */ = {
			isa = PBXVariantGroup;
			children = (
				842568962DA7E2C600866C99 /* Base */,
			);
			name = SafariExtensionViewController.xib;
			sourceTree = "<group>";
		};
/* End PBXVariantGroup section */

/* Begin XCBuildConfiguration section */
		8425689A2DA7E2C600866C99 /* Debug */ = {
			isa = XCBuildConfiguration;
			buildSettings = {
				ALWAYS_SEARCH_USER_PATHS = NO;
				CLANG_ANALYZER_NONNULL = YES;
				CLANG_ANALYZER_NUMBER_OBJECT_CONVERSION = YES_AGGRESSIVE;
				CLANG_CXX_LANGUAGE_STANDARD = "gnu++20";
				CLANG_ENABLE_MODULES = YES;
				CLANG_ENABLE_OBJC_ARC = YES;
				CLANG_ENABLE_OBJC_WEAK = YES;
				CLANG_WARN_BLOCK_CAPTURE_AUTORELEASING = YES;
				CLANG_WARN_BOOL_CONVERSION = YES;
				CLANG_WARN_COMMA = YES;
				CLANG_WARN_CONSTANT_CONVERSION = YES;
				CLANG_WARN_DEPRECATED_OBJC_IMPLEMENTATIONS = YES;
				CLANG_WARN_DIRECT_OBJC_ISA_USAGE = YES_ERROR;
				CLANG_WARN_DOCUMENTATION_COMMENTS = YES;
				CLANG_WARN_EMPTY_BODY = YES;
				CLANG_WARN_ENUM_CONVERSION = YES;
				CLANG_WARN_INFINITE_RECURSION = YES;
				CLANG_WARN_INT_CONVERSION = YES;
				CLANG_WARN_NON_LITERAL_NULL_CONVERSION = YES;
				CLANG_WARN_OBJC_IMPLICIT_RETAIN_SELF = YES;
				CLANG_WARN_OBJC_LITERAL_CONVERSION = YES;
				CLANG_WARN_OBJC_ROOT_CLASS = YES_ERROR;
				CLANG_WARN_QUOTED_INCLUDE_IN_FRAMEWORK_HEADER = YES;
				CLANG_WARN_RANGE_LOOP_ANALYSIS = YES;
				CLANG_WARN_STRICT_PROTOTYPES = YES;
				CLANG_WARN_SUSPICIOUS_MOVE = YES;
				CLANG_WARN_UNGUARDED_AVAILABILITY = YES_AGGRESSIVE;
				CLANG_WARN_UNREACHABLE_CODE = YES;
				CLANG_WARN__DUPLICATE_METHOD_MATCH = YES;
				COPY_PHASE_STRIP = NO;
				DEBUG_INFORMATION_FORMAT = dwarf;
				ENABLE_STRICT_OBJC_MSGSEND = YES;
				ENABLE_TESTABILITY = YES;
				GCC_C_LANGUAGE_STANDARD = gnu11;
				GCC_DYNAMIC_NO_PIC = NO;
				GCC_NO_COMMON_BLOCKS = YES;
				GCC_OPTIMIZATION_LEVEL = 0;
				GCC_PREPROCESSOR_DEFINITIONS = (
					"DEBUG=1",
					"$(inherited)",
				);
				GCC_WARN_64_TO_32_BIT_CONVERSION = YES;
				GCC_WARN_ABOUT_RETURN_TYPE = YES_ERROR;
				GCC_WARN_UNDECLARED_SELECTOR = YES;
				GCC_WARN_UNINITIALIZED_AUTOS = YES_AGGRESSIVE;
				GCC_WARN_UNUSED_FUNCTION = YES;
				GCC_WARN_UNUSED_VARIABLE = YES;
				MACOSX_DEPLOYMENT_TARGET = 12.7;
				MTL_ENABLE_DEBUG_INFO = INCLUDE_SOURCE;
				MTL_FAST_MATH = YES;
				ONLY_ACTIVE_ARCH = YES;
				SDKROOT = macosx;
				SWIFT_ACTIVE_COMPILATION_CONDITIONS = DEBUG;
				SWIFT_OPTIMIZATION_LEVEL = "-Onone";
			};
			name = Debug;
		};
		8425689B2DA7E2C600866C99 /* Release */ = {
			isa = XCBuildConfiguration;
			buildSettings = {
				ALWAYS_SEARCH_USER_PATHS = NO;
				CLANG_ANALYZER_NONNULL = YES;
				CLANG_ANALYZER_NUMBER_OBJECT_CONVERSION = YES_AGGRESSIVE;
				CLANG_CXX_LANGUAGE_STANDARD = "gnu++20";
				CLANG_ENABLE_MODULES = YES;
				CLANG_ENABLE_OBJC_ARC = YES;
				CLANG_ENABLE_OBJC_WEAK = YES;
				CLANG_WARN_BLOCK_CAPTURE_AUTORELEASING = YES;
				CLANG_WARN_BOOL_CONVERSION = YES;
				CLANG_WARN_COMMA = YES;
				CLANG_WARN_CONSTANT_CONVERSION = YES;
				CLANG_WARN_DEPRECATED_OBJC_IMPLEMENTATIONS = YES;
				CLANG_WARN_DIRECT_OBJC_ISA_USAGE = YES_ERROR;
				CLANG_WARN_DOCUMENTATION_COMMENTS = YES;
				CLANG_WARN_EMPTY_BODY = YES;
				CLANG_WARN_ENUM_CONVERSION = YES;
				CLANG_WARN_INFINITE_RECURSION = YES;
				CLANG_WARN_INT_CONVERSION = YES;
				CLANG_WARN_NON_LITERAL_NULL_CONVERSION = YES;
				CLANG_WARN_OBJC_IMPLICIT_RETAIN_SELF = YES;
				CLANG_WARN_OBJC_LITERAL_CONVERSION = YES;
				CLANG_WARN_OBJC_ROOT_CLASS = YES_ERROR;
				CLANG_WARN_QUOTED_INCLUDE_IN_FRAMEWORK_HEADER = YES;
				CLANG_WARN_RANGE_LOOP_ANALYSIS = YES;
				CLANG_WARN_STRICT_PROTOTYPES = YES;
				CLANG_WARN_SUSPICIOUS_MOVE = YES;
				CLANG_WARN_UNGUARDED_AVAILABILITY = YES_AGGRESSIVE;
				CLANG_WARN_UNREACHABLE_CODE = YES;
				CLANG_WARN__DUPLICATE_METHOD_MATCH = YES;
				COPY_PHASE_STRIP = NO;
				DEBUG_INFORMATION_FORMAT = "dwarf-with-dsym";
				ENABLE_NS_ASSERTIONS = NO;
				ENABLE_STRICT_OBJC_MSGSEND = YES;
				GCC_C_LANGUAGE_STANDARD = gnu11;
				GCC_NO_COMMON_BLOCKS = YES;
				GCC_WARN_64_TO_32_BIT_CONVERSION = YES;
				GCC_WARN_ABOUT_RETURN_TYPE = YES_ERROR;
				GCC_WARN_UNDECLARED_SELECTOR = YES;
				GCC_WARN_UNINITIALIZED_AUTOS = YES_AGGRESSIVE;
				GCC_WARN_UNUSED_FUNCTION = YES;
				GCC_WARN_UNUSED_VARIABLE = YES;
				MACOSX_DEPLOYMENT_TARGET = 12.7;
				MTL_ENABLE_DEBUG_INFO = NO;
				MTL_FAST_MATH = YES;
				SDKROOT = macosx;
				SWIFT_COMPILATION_MODE = wholemodule;
				SWIFT_OPTIMIZATION_LEVEL = "-O";
			};
			name = Release;
		};
		8425689D2DA7E2C600866C99 /* Debug */ = {
			isa = XCBuildConfiguration;
			buildSettings = {
				CODE_SIGN_ENTITLEMENTS = "Fetch URL Extension Extension/Fetch_URL_Extension_Extension.entitlements";
				CODE_SIGN_STYLE = Automatic;
				CURRENT_PROJECT_VERSION = 1;
				ENABLE_HARDENED_RUNTIME = YES;
				GENERATE_INFOPLIST_FILE = YES;
				INFOPLIST_FILE = "Fetch URL Extension Extension/Info.plist";
				INFOPLIST_KEY_CFBundleDisplayName = "Fetch URL Extension Extension";
				INFOPLIST_KEY_NSHumanReadableCopyright = "";
				LD_RUNPATH_SEARCH_PATHS = (
					"$(inherited)",
					"@executable_path/../Frameworks",
					"@executable_path/../../../../Frameworks",
				);
				MACOSX_DEPLOYMENT_TARGET = 10.14;
				MARKETING_VERSION = 1.0;
				OTHER_LDFLAGS = (
					"-framework",
					SafariServices,
				);
				PRODUCT_BUNDLE_IDENTIFIER = "com.Faronics.Fetch-URL-Extension.Extension";
				PRODUCT_NAME = "$(TARGET_NAME)";
				SKIP_INSTALL = YES;
				SWIFT_EMIT_LOC_STRINGS = YES;
				SWIFT_VERSION = 5.0;
			};
			name = Debug;
		};
		8425689E2DA7E2C600866C99 /* Release */ = {
			isa = XCBuildConfiguration;
			buildSettings = {
				CODE_SIGN_ENTITLEMENTS = "Fetch URL Extension Extension/Fetch_URL_Extension_Extension.entitlements";
				CODE_SIGN_STYLE = Automatic;
				CURRENT_PROJECT_VERSION = 1;
				ENABLE_HARDENED_RUNTIME = YES;
				GENERATE_INFOPLIST_FILE = YES;
				INFOPLIST_FILE = "Fetch URL Extension Extension/Info.plist";
				INFOPLIST_KEY_CFBundleDisplayName = "Fetch URL Extension Extension";
				INFOPLIST_KEY_NSHumanReadableCopyright = "";
				LD_RUNPATH_SEARCH_PATHS = (
					"$(inherited)",
					"@executable_path/../Frameworks",
					"@executable_path/../../../../Frameworks",
				);
				MACOSX_DEPLOYMENT_TARGET = 10.14;
				MARKETING_VERSION = 1.0;
				OTHER_LDFLAGS = (
					"-framework",
					SafariServices,
				);
				PRODUCT_BUNDLE_IDENTIFIER = "com.Faronics.Fetch-URL-Extension.Extension";
				PRODUCT_NAME = "$(TARGET_NAME)";
				SKIP_INSTALL = YES;
				SWIFT_EMIT_LOC_STRINGS = YES;
				SWIFT_VERSION = 5.0;
			};
			name = Release;
		};
		842568A12DA7E2C600866C99 /* Debug */ = {
			isa = XCBuildConfiguration;
			buildSettings = {
				ALWAYS_EMBED_SWIFT_STANDARD_LIBRARIES = YES;
				ASSETCATALOG_COMPILER_APPICON_NAME = AppIcon;
				ASSETCATALOG_COMPILER_GLOBAL_ACCENT_COLOR_NAME = AccentColor;
				CODE_SIGN_ENTITLEMENTS = "Fetch URL Extension/Fetch URL Extension.entitlements";
				CODE_SIGN_STYLE = Automatic;
				COMBINE_HIDPI_IMAGES = YES;
				CURRENT_PROJECT_VERSION = 1;
				ENABLE_HARDENED_RUNTIME = YES;
				GENERATE_INFOPLIST_FILE = YES;
				INFOPLIST_KEY_CFBundleDisplayName = "Fetch URL Extension";
				INFOPLIST_KEY_NSHumanReadableCopyright = "";
				INFOPLIST_KEY_NSMainStoryboardFile = Main;
				INFOPLIST_KEY_NSPrincipalClass = NSApplication;
				LD_RUNPATH_SEARCH_PATHS = (
					"$(inherited)",
					"@executable_path/../Frameworks",
				);
				MACOSX_DEPLOYMENT_TARGET = 10.14;
				MARKETING_VERSION = 1.0;
				OTHER_LDFLAGS = (
					"-framework",
					SafariServices,
					"-framework",
					WebKit,
				);
				PRODUCT_BUNDLE_IDENTIFIER = "com.Faronics.Fetch-URL-Extension";
				PRODUCT_NAME = "$(TARGET_NAME)";
				SWIFT_EMIT_LOC_STRINGS = YES;
				SWIFT_VERSION = 5.0;
			};
			name = Debug;
		};
		842568A22DA7E2C600866C99 /* Release */ = {
			isa = XCBuildConfiguration;
			buildSettings = {
				ALWAYS_EMBED_SWIFT_STANDARD_LIBRARIES = YES;
				ASSETCATALOG_COMPILER_APPICON_NAME = AppIcon;
				ASSETCATALOG_COMPILER_GLOBAL_ACCENT_COLOR_NAME = AccentColor;
				CODE_SIGN_ENTITLEMENTS = "Fetch URL Extension/Fetch URL Extension.entitlements";
				CODE_SIGN_STYLE = Automatic;
				COMBINE_HIDPI_IMAGES = YES;
				CURRENT_PROJECT_VERSION = 1;
				ENABLE_HARDENED_RUNTIME = YES;
				GENERATE_INFOPLIST_FILE = YES;
				INFOPLIST_KEY_CFBundleDisplayName = "Fetch URL Extension";
				INFOPLIST_KEY_NSHumanReadableCopyright = "";
				INFOPLIST_KEY_NSMainStoryboardFile = Main;
				INFOPLIST_KEY_NSPrincipalClass = NSApplication;
				LD_RUNPATH_SEARCH_PATHS = (
					"$(inherited)",
					"@executable_path/../Frameworks",
				);
				MACOSX_DEPLOYMENT_TARGET = 10.14;
				MARKETING_VERSION = 1.0;
				OTHER_LDFLAGS = (
					"-framework",
					SafariServices,
					"-framework",
					WebKit,
				);
				PRODUCT_BUNDLE_IDENTIFIER = "com.Faronics.Fetch-URL-Extension";
				PRODUCT_NAME = "$(TARGET_NAME)";
				SWIFT_EMIT_LOC_STRINGS = YES;
				SWIFT_VERSION = 5.0;
			};
			name = Release;
		};
/* End XCBuildConfiguration section */

/* Begin XCConfigurationList section */
		842568662DA7E2C400866C99 /* Build configuration list for PBXProject "Fetch URL Extension" */ = {
			isa = XCConfigurationList;
			buildConfigurations = (
				8425689A2DA7E2C600866C99 /* Debug */,
				8425689B2DA7E2C600866C99 /* Release */,
			);
			defaultConfigurationIsVisible = 0;
			defaultConfigurationName = Release;
		};
		8425689C2DA7E2C600866C99 /* Build configuration list for PBXNativeTarget "Fetch URL Extension Extension" */ = {
			isa = XCConfigurationList;
			buildConfigurations = (
				8425689D2DA7E2C600866C99 /* Debug */,
				8425689E2DA7E2C600866C99 /* Release */,
			);
			defaultConfigurationIsVisible = 0;
			defaultConfigurationName = Release;
		};
		842568A02DA7E2C600866C99 /* Build configuration list for PBXNativeTarget "Fetch URL Extension" */ = {
			isa = XCConfigurationList;
			buildConfigurations = (
				842568A12DA7E2C600866C99 /* Debug */,
				842568A22DA7E2C600866C99 /* Release */,
			);
			defaultConfigurationIsVisible = 0;
			defaultConfigurationName = Release;
		};
/* End XCConfigurationList section */
	};
	rootObject = 842568632DA7E2C400866C99 /* Project object */;
}
